<Solution>
  <Folder Name="/Core/">
    <Project Path="Core/Soundora.Application/Soundora.Application.csproj" />
    <Project Path="Core/Soundora.Domain/Soundora.Domain.csproj" />
  </Folder>
  <Folder Name="/Infrastructure/">
    <Project Path="Infrastructure/Soundora.Infrastructure/Soundora.Infrastructure.csproj" />
    <Project Path="Infrastructure/Soundora.Persistence/Soundora.Persistence.csproj" />
  </Folder>
  <Folder Name="/Presentation/">
    <Project Path="Presentation/Soundora.Presentation/Soundora.Presentation.csproj" />
  </Folder>
</Solution>
